// !$*UTF8*$!
{
	archiveVersion = 1;
	classes = {
	};
	objectVersion = 55;
	objects = {

/* Begin PBXBuildFile section */
		810208262AC4063900DA7098 /* CustomTabBar.swift in Sources */ = {isa = PBXBuildFile; fileRef = 810208252AC4063900DA7098 /* CustomTabBar.swift */; };
		811CEE592ABF686C00A0C1FB /* expenseTrackTestApp.swift in Sources */ = {isa = PBXBuildFile; fileRef = 811CEE582ABF686C00A0C1FB /* expenseTrackTestApp.swift */; };
		811CEE5B2ABF686C00A0C1FB /* ContentView.swift in Sources */ = {isa = PBXBuildFile; fileRef = 811CEE5A2ABF686C00A0C1FB /* ContentView.swift */; };
		811CEE5D2ABF686F00A0C1FB /* Assets.xcassets in Resources */ = {isa = PBXBuildFile; fileRef = 811CEE5C2ABF686F00A0C1FB /* Assets.xcassets */; };
		811CEE602ABF686F00A0C1FB /* Preview Assets.xcassets in Resources */ = {isa = PBXBuildFile; fileRef = 811CEE5F2ABF686F00A0C1FB /* Preview Assets.xcassets */; };
		811CEE6A2ABF687000A0C1FB /* expenseTrackTestTests.swift in Sources */ = {isa = PBXBuildFile; fileRef = 811CEE692ABF687000A0C1FB /* expenseTrackTestTests.swift */; };
		811CEE742ABF687000A0C1FB /* expenseTrackTestUITests.swift in Sources */ = {isa = PBXBuildFile; fileRef = 811CEE732ABF687000A0C1FB /* expenseTrackTestUITests.swift */; };
		811CEE762ABF687000A0C1FB /* expenseTrackTestUITestsLaunchTests.swift in Sources */ = {isa = PBXBuildFile; fileRef = 811CEE752ABF687000A0C1FB /* expenseTrackTestUITestsLaunchTests.swift */; };
		811CEE862ABF6B8500A0C1FB /* FirebaseAuth in Frameworks */ = {isa = PBXBuildFile; productRef = 811CEE852ABF6B8500A0C1FB /* FirebaseAuth */; };
		811CEE882ABF6B8500A0C1FB /* FirebaseFirestore in Frameworks */ = {isa = PBXBuildFile; productRef = 811CEE872ABF6B8500A0C1FB /* FirebaseFirestore */; };
		811CEE8A2ABF6B8500A0C1FB /* FirebaseFirestoreSwift in Frameworks */ = {isa = PBXBuildFile; productRef = 811CEE892ABF6B8500A0C1FB /* FirebaseFirestoreSwift */; };
		811CEE8D2ABF6C6600A0C1FB /* LoginView.swift in Sources */ = {isa = PBXBuildFile; fileRef = 811CEE8C2ABF6C6600A0C1FB /* LoginView.swift */; };
		811CEE912ABF6CA100A0C1FB /* SignUpView.swift in Sources */ = {isa = PBXBuildFile; fileRef = 811CEE902ABF6CA100A0C1FB /* SignUpView.swift */; };
		811CEE932ABF6CBA00A0C1FB /* AuthView.swift in Sources */ = {isa = PBXBuildFile; fileRef = 811CEE922ABF6CBA00A0C1FB /* AuthView.swift */; };
		811CEE952ABF706300A0C1FB /* Home.swift in Sources */ = {isa = PBXBuildFile; fileRef = 811CEE942ABF706300A0C1FB /* Home.swift */; };
		811CEE972ABF749D00A0C1FB /* GoogleService-Info.plist in Resources */ = {isa = PBXBuildFile; fileRef = 811CEE962ABF749D00A0C1FB /* GoogleService-Info.plist */; };
		814C43C12AC0AAD2005194D8 /* ReportView.swift in Sources */ = {isa = PBXBuildFile; fileRef = 814C43C02AC0AAD1005194D8 /* ReportView.swift */; };
		814C43C32AC0AAF0005194D8 /* UserProfileView.swift in Sources */ = {isa = PBXBuildFile; fileRef = 814C43C22AC0AAF0005194D8 /* UserProfileView.swift */; };
		814C43C82AC0AF27005194D8 /* FirestoreManager.swift in Sources */ = {isa = PBXBuildFile; fileRef = 814C43C72AC0AF27005194D8 /* FirestoreManager.swift */; };
		814C43CA2AC0C23A005194D8 /* Expense.swift in Sources */ = {isa = PBXBuildFile; fileRef = 814C43C92AC0C23A005194D8 /* Expense.swift */; };
		814C43CC2AC0C71B005194D8 /* BarChartView.swift in Sources */ = {isa = PBXBuildFile; fileRef = 814C43CB2AC0C71B005194D8 /* BarChartView.swift */; };
		814C43CE2AC0C731005194D8 /* BarView.swift in Sources */ = {isa = PBXBuildFile; fileRef = 814C43CD2AC0C731005194D8 /* BarView.swift */; };
		814C43D42AC1DC9C005194D8 /* ListAllTypes.swift in Sources */ = {isa = PBXBuildFile; fileRef = 814C43D32AC1DC9C005194D8 /* ListAllTypes.swift */; };
		814C43D62AC1DE9B005194D8 /* AllTypesManager.swift in Sources */ = {isa = PBXBuildFile; fileRef = 814C43D52AC1DE9B005194D8 /* AllTypesManager.swift */; };
		814C43D82AC1EF17005194D8 /* ListView.swift in Sources */ = {isa = PBXBuildFile; fileRef = 814C43D72AC1EF17005194D8 /* ListView.swift */; };
		814C43DA2AC1F88C005194D8 /* AddNewExpenses.swift in Sources */ = {isa = PBXBuildFile; fileRef = 814C43D92AC1F88C005194D8 /* AddNewExpenses.swift */; };
		81EFC3D02AC6AADC00BF5151 /* SplashScreenView.swift in Sources */ = {isa = PBXBuildFile; fileRef = 81EFC3CF2AC6AADC00BF5151 /* SplashScreenView.swift */; };
		81EFC3D22AC6AF9500BF5151 /* Launch Screen.storyboard in Resources */ = {isa = PBXBuildFile; fileRef = 81EFC3D12AC6AF9500BF5151 /* Launch Screen.storyboard */; };
		81F707D22AC5B72D00DA348C /* Budget.swift in Sources */ = {isa = PBXBuildFile; fileRef = 81F707D12AC5B72C00DA348C /* Budget.swift */; };
		81F707D42AC5B77F00DA348C /* FirestoreService.swift in Sources */ = {isa = PBXBuildFile; fileRef = 81F707D32AC5B77F00DA348C /* FirestoreService.swift */; };
		81F707D62AC5B9AB00DA348C /* BudgetEntryView.swift in Sources */ = {isa = PBXBuildFile; fileRef = 81F707D52AC5B9AB00DA348C /* BudgetEntryView.swift */; };
		81F707D82AC5BC3F00DA348C /* BudgetHistoryView.swift in Sources */ = {isa = PBXBuildFile; fileRef = 81F707D72AC5BC3F00DA348C /* BudgetHistoryView.swift */; };
		81F707DA2AC5C77B00DA348C /* ExpenseSummary.swift in Sources */ = {isa = PBXBuildFile; fileRef = 81F707D92AC5C77B00DA348C /* ExpenseSummary.swift */; };
		81F707DC2AC5E65400DA348C /* ReportViewModel.swift in Sources */ = {isa = PBXBuildFile; fileRef = 81F707DB2AC5E65300DA348C /* ReportViewModel.swift */; };
		81F707DE2AC5E80D00DA348C /* PieChartView.swift in Sources */ = {isa = PBXBuildFile; fileRef = 81F707DD2AC5E80D00DA348C /* PieChartView.swift */; };
		81F707E02AC5E89100DA348C /* ExpensePieChartView.swift in Sources */ = {isa = PBXBuildFile; fileRef = 81F707DF2AC5E89100DA348C /* ExpensePieChartView.swift */; };
		81F707E32AC5E9A000DA348C /* SwiftUICharts in Frameworks */ = {isa = PBXBuildFile; productRef = 81F707E22AC5E9A000DA348C /* SwiftUICharts */; };
		81F707E52AC5EABB00DA348C /* DataPoint.swift in Sources */ = {isa = PBXBuildFile; fileRef = 81F707E42AC5EABB00DA348C /* DataPoint.swift */; };
		81F707E72AC5F32400DA348C /* ColorExtension.swift in Sources */ = {isa = PBXBuildFile; fileRef = 81F707E62AC5F32400DA348C /* ColorExtension.swift */; };
/* End PBXBuildFile section */

/* Begin PBXContainerItemProxy section */
		811CEE662ABF687000A0C1FB /* PBXContainerItemProxy */ = {
			isa = PBXContainerItemProxy;
			containerPortal = 811CEE4D2ABF686C00A0C1FB /* Project object */;
			proxyType = 1;
			remoteGlobalIDString = 811CEE542ABF686C00A0C1FB;
			remoteInfo = expenseTrackTest;
		};
		811CEE702ABF687000A0C1FB /* PBXContainerItemProxy */ = {
			isa = PBXContainerItemProxy;
			containerPortal = 811CEE4D2ABF686C00A0C1FB /* Project object */;
			proxyType = 1;
			remoteGlobalIDString = 811CEE542ABF686C00A0C1FB;
			remoteInfo = expenseTrackTest;
		};
/* End PBXContainerItemProxy section */

/* Begin PBXFileReference section */
		810208252AC4063900DA7098 /* CustomTabBar.swift */ = {isa = PBXFileReference; lastKnownFileType = sourcecode.swift; path = CustomTabBar.swift; sourceTree = "<group>"; };
		811CEE552ABF686C00A0C1FB /* expenseTrackTest.app */ = {isa = PBXFileReference; explicitFileType = wrapper.application; includeInIndex = 0; path = expenseTrackTest.app; sourceTree = BUILT_PRODUCTS_DIR; };
		811CEE582ABF686C00A0C1FB /* expenseTrackTestApp.swift */ = {isa = PBXFileReference; lastKnownFileType = sourcecode.swift; path = expenseTrackTestApp.swift; sourceTree = "<group>"; };
		811CEE5A2ABF686C00A0C1FB /* ContentView.swift */ = {isa = PBXFileReference; lastKnownFileType = sourcecode.swift; path = ContentView.swift; sourceTree = "<group>"; };
		811CEE5C2ABF686F00A0C1FB /* Assets.xcassets */ = {isa = PBXFileReference; lastKnownFileType = folder.assetcatalog; path = Assets.xcassets; sourceTree = "<group>"; };
		811CEE5F2ABF686F00A0C1FB /* Preview Assets.xcassets */ = {isa = PBXFileReference; lastKnownFileType = folder.assetcatalog; path = "Preview Assets.xcassets"; sourceTree = "<group>"; };
		811CEE652ABF687000A0C1FB /* expenseTrackTestTests.xctest */ = {isa = PBXFileReference; explicitFileType = wrapper.cfbundle; includeInIndex = 0; path = expenseTrackTestTests.xctest; sourceTree = BUILT_PRODUCTS_DIR; };
		811CEE692ABF687000A0C1FB /* expenseTrackTestTests.swift */ = {isa = PBXFileReference; lastKnownFileType = sourcecode.swift; path = expenseTrackTestTests.swift; sourceTree = "<group>"; };
		811CEE6F2ABF687000A0C1FB /* expenseTrackTestUITests.xctest */ = {isa = PBXFileReference; explicitFileType = wrapper.cfbundle; includeInIndex = 0; path = expenseTrackTestUITests.xctest; sourceTree = BUILT_PRODUCTS_DIR; };
		811CEE732ABF687000A0C1FB /* expenseTrackTestUITests.swift */ = {isa = PBXFileReference; lastKnownFileType = sourcecode.swift; path = expenseTrackTestUITests.swift; sourceTree = "<group>"; };
		811CEE752ABF687000A0C1FB /* expenseTrackTestUITestsLaunchTests.swift */ = {isa = PBXFileReference; lastKnownFileType = sourcecode.swift; path = expenseTrackTestUITestsLaunchTests.swift; sourceTree = "<group>"; };
		811CEE8C2ABF6C6600A0C1FB /* LoginView.swift */ = {isa = PBXFileReference; lastKnownFileType = sourcecode.swift; path = LoginView.swift; sourceTree = "<group>"; };
		811CEE902ABF6CA100A0C1FB /* SignUpView.swift */ = {isa = PBXFileReference; lastKnownFileType = sourcecode.swift; path = SignUpView.swift; sourceTree = "<group>"; };
		811CEE922ABF6CBA00A0C1FB /* AuthView.swift */ = {isa = PBXFileReference; lastKnownFileType = sourcecode.swift; path = AuthView.swift; sourceTree = "<group>"; };
		811CEE942ABF706300A0C1FB /* Home.swift */ = {isa = PBXFileReference; lastKnownFileType = sourcecode.swift; path = Home.swift; sourceTree = "<group>"; };
		811CEE962ABF749D00A0C1FB /* GoogleService-Info.plist */ = {isa = PBXFileReference; fileEncoding = 4; lastKnownFileType = text.plist.xml; path = "GoogleService-Info.plist"; sourceTree = "<group>"; };
		814C43C02AC0AAD1005194D8 /* ReportView.swift */ = {isa = PBXFileReference; lastKnownFileType = sourcecode.swift; path = ReportView.swift; sourceTree = "<group>"; };
		814C43C22AC0AAF0005194D8 /* UserProfileView.swift */ = {isa = PBXFileReference; lastKnownFileType = sourcecode.swift; path = UserProfileView.swift; sourceTree = "<group>"; };
		814C43C72AC0AF27005194D8 /* FirestoreManager.swift */ = {isa = PBXFileReference; lastKnownFileType = sourcecode.swift; path = FirestoreManager.swift; sourceTree = "<group>"; };
		814C43C92AC0C23A005194D8 /* Expense.swift */ = {isa = PBXFileReference; lastKnownFileType = sourcecode.swift; path = Expense.swift; sourceTree = "<group>"; };
		814C43CB2AC0C71B005194D8 /* BarChartView.swift */ = {isa = PBXFileReference; lastKnownFileType = sourcecode.swift; path = BarChartView.swift; sourceTree = "<group>"; };
		814C43CD2AC0C731005194D8 /* BarView.swift */ = {isa = PBXFileReference; lastKnownFileType = sourcecode.swift; path = BarView.swift; sourceTree = "<group>"; };
		814C43D32AC1DC9C005194D8 /* ListAllTypes.swift */ = {isa = PBXFileReference; lastKnownFileType = sourcecode.swift; path = ListAllTypes.swift; sourceTree = "<group>"; };
		814C43D52AC1DE9B005194D8 /* AllTypesManager.swift */ = {isa = PBXFileReference; lastKnownFileType = sourcecode.swift; path = AllTypesManager.swift; sourceTree = "<group>"; };
		814C43D72AC1EF17005194D8 /* ListView.swift */ = {isa = PBXFileReference; lastKnownFileType = sourcecode.swift; path = ListView.swift; sourceTree = "<group>"; };
		814C43D92AC1F88C005194D8 /* AddNewExpenses.swift */ = {isa = PBXFileReference; lastKnownFileType = sourcecode.swift; path = AddNewExpenses.swift; sourceTree = "<group>"; };
		81EFC3CF2AC6AADC00BF5151 /* SplashScreenView.swift */ = {isa = PBXFileReference; lastKnownFileType = sourcecode.swift; path = SplashScreenView.swift; sourceTree = "<group>"; };
		81EFC3D12AC6AF9500BF5151 /* Launch Screen.storyboard */ = {isa = PBXFileReference; lastKnownFileType = file.storyboard; path = "Launch Screen.storyboard"; sourceTree = "<group>"; };
		81F707D12AC5B72C00DA348C /* Budget.swift */ = {isa = PBXFileReference; lastKnownFileType = sourcecode.swift; path = Budget.swift; sourceTree = "<group>"; };
		81F707D32AC5B77F00DA348C /* FirestoreService.swift */ = {isa = PBXFileReference; lastKnownFileType = sourcecode.swift; path = FirestoreService.swift; sourceTree = "<group>"; };
		81F707D52AC5B9AB00DA348C /* BudgetEntryView.swift */ = {isa = PBXFileReference; lastKnownFileType = sourcecode.swift; path = BudgetEntryView.swift; sourceTree = "<group>"; };
		81F707D72AC5BC3F00DA348C /* BudgetHistoryView.swift */ = {isa = PBXFileReference; lastKnownFileType = sourcecode.swift; path = BudgetHistoryView.swift; sourceTree = "<group>"; };
		81F707D92AC5C77B00DA348C /* ExpenseSummary.swift */ = {isa = PBXFileReference; lastKnownFileType = sourcecode.swift; path = ExpenseSummary.swift; sourceTree = "<group>"; };
		81F707DB2AC5E65300DA348C /* ReportViewModel.swift */ = {isa = PBXFileReference; lastKnownFileType = sourcecode.swift; path = ReportViewModel.swift; sourceTree = "<group>"; };
		81F707DD2AC5E80D00DA348C /* PieChartView.swift */ = {isa = PBXFileReference; lastKnownFileType = sourcecode.swift; path = PieChartView.swift; sourceTree = "<group>"; };
		81F707DF2AC5E89100DA348C /* ExpensePieChartView.swift */ = {isa = PBXFileReference; lastKnownFileType = sourcecode.swift; path = ExpensePieChartView.swift; sourceTree = "<group>"; };
		81F707E42AC5EABB00DA348C /* DataPoint.swift */ = {isa = PBXFileReference; lastKnownFileType = sourcecode.swift; path = DataPoint.swift; sourceTree = "<group>"; };
		81F707E62AC5F32400DA348C /* ColorExtension.swift */ = {isa = PBXFileReference; lastKnownFileType = sourcecode.swift; path = ColorExtension.swift; sourceTree = "<group>"; };
/* End PBXFileReference section */

/* Begin PBXFrameworksBuildPhase section */
		811CEE522ABF686C00A0C1FB /* Frameworks */ = {
			isa = PBXFrameworksBuildPhase;
			buildActionMask = 2147483647;
			files = (
				811CEE862ABF6B8500A0C1FB /* FirebaseAuth in Frameworks */,
				81F707E32AC5E9A000DA348C /* SwiftUICharts in Frameworks */,
				811CEE882ABF6B8500A0C1FB /* FirebaseFirestore in Frameworks */,
				811CEE8A2ABF6B8500A0C1FB /* FirebaseFirestoreSwift in Frameworks */,
			);
			runOnlyForDeploymentPostprocessing = 0;
		};
		811CEE622ABF687000A0C1FB /* Frameworks */ = {
			isa = PBXFrameworksBuildPhase;
			buildActionMask = 2147483647;
			files = (
			);
			runOnlyForDeploymentPostprocessing = 0;
		};
		811CEE6C2ABF687000A0C1FB /* Frameworks */ = {
			isa = PBXFrameworksBuildPhase;
			buildActionMask = 2147483647;
			files = (
			);
			runOnlyForDeploymentPostprocessing = 0;
		};
/* End PBXFrameworksBuildPhase section */

/* Begin PBXGroup section */
		810208242AC4061500DA7098 /* Components */ = {
			isa = PBXGroup;
			children = (
				810208252AC4063900DA7098 /* CustomTabBar.swift */,
				81F707E62AC5F32400DA348C /* ColorExtension.swift */,
			);
			path = Components;
			sourceTree = "<group>";
		};
		811CEE4C2ABF686B00A0C1FB = {
			isa = PBXGroup;
			children = (
				811CEE572ABF686C00A0C1FB /* expenseTrackTest */,
				811CEE682ABF687000A0C1FB /* expenseTrackTestTests */,
				811CEE722ABF687000A0C1FB /* expenseTrackTestUITests */,
				811CEE562ABF686C00A0C1FB /* Products */,
			);
			sourceTree = "<group>";
		};
		811CEE562ABF686C00A0C1FB /* Products */ = {
			isa = PBXGroup;
			children = (
				811CEE552ABF686C00A0C1FB /* expenseTrackTest.app */,
				811CEE652ABF687000A0C1FB /* expenseTrackTestTests.xctest */,
				811CEE6F2ABF687000A0C1FB /* expenseTrackTestUITests.xctest */,
			);
			name = Products;
			sourceTree = "<group>";
		};
		811CEE572ABF686C00A0C1FB /* expenseTrackTest */ = {
			isa = PBXGroup;
			children = (
				810208242AC4061500DA7098 /* Components */,
				814C43BD2ABF7E9D005194D8 /* Model */,
				811CEE962ABF749D00A0C1FB /* GoogleService-Info.plist */,
				811CEE8B2ABF6C1900A0C1FB /* View */,
				811CEE582ABF686C00A0C1FB /* expenseTrackTestApp.swift */,
				811CEE5A2ABF686C00A0C1FB /* ContentView.swift */,
				811CEE5C2ABF686F00A0C1FB /* Assets.xcassets */,
				811CEE5E2ABF686F00A0C1FB /* Preview Content */,
				81EFC3D12AC6AF9500BF5151 /* Launch Screen.storyboard */,
			);
			path = expenseTrackTest;
			sourceTree = "<group>";
		};
		811CEE5E2ABF686F00A0C1FB /* Preview Content */ = {
			isa = PBXGroup;
			children = (
				811CEE5F2ABF686F00A0C1FB /* Preview Assets.xcassets */,
			);
			path = "Preview Content";
			sourceTree = "<group>";
		};
		811CEE682ABF687000A0C1FB /* expenseTrackTestTests */ = {
			isa = PBXGroup;
			children = (
				811CEE692ABF687000A0C1FB /* expenseTrackTestTests.swift */,
			);
			path = expenseTrackTestTests;
			sourceTree = "<group>";
		};
		811CEE722ABF687000A0C1FB /* expenseTrackTestUITests */ = {
			isa = PBXGroup;
			children = (
				811CEE732ABF687000A0C1FB /* expenseTrackTestUITests.swift */,
				811CEE752ABF687000A0C1FB /* expenseTrackTestUITestsLaunchTests.swift */,
			);
			path = expenseTrackTestUITests;
			sourceTree = "<group>";
		};
		811CEE8B2ABF6C1900A0C1FB /* View */ = {
			isa = PBXGroup;
			children = (
				811CEE8C2ABF6C6600A0C1FB /* LoginView.swift */,
				811CEE902ABF6CA100A0C1FB /* SignUpView.swift */,
				811CEE922ABF6CBA00A0C1FB /* AuthView.swift */,
				811CEE942ABF706300A0C1FB /* Home.swift */,
				814C43C02AC0AAD1005194D8 /* ReportView.swift */,
				814C43C22AC0AAF0005194D8 /* UserProfileView.swift */,
				814C43CB2AC0C71B005194D8 /* BarChartView.swift */,
				814C43CD2AC0C731005194D8 /* BarView.swift */,
				814C43D32AC1DC9C005194D8 /* ListAllTypes.swift */,
				814C43D72AC1EF17005194D8 /* ListView.swift */,
				814C43D92AC1F88C005194D8 /* AddNewExpenses.swift */,
				81F707D52AC5B9AB00DA348C /* BudgetEntryView.swift */,
				81F707D72AC5BC3F00DA348C /* BudgetHistoryView.swift */,
				81F707DD2AC5E80D00DA348C /* PieChartView.swift */,
				81F707DF2AC5E89100DA348C /* ExpensePieChartView.swift */,
				81EFC3CF2AC6AADC00BF5151 /* SplashScreenView.swift */,
			);
			path = View;
			sourceTree = "<group>";
		};
		814C43BD2ABF7E9D005194D8 /* Model */ = {
			isa = PBXGroup;
			children = (
				814C43C72AC0AF27005194D8 /* FirestoreManager.swift */,
				814C43C92AC0C23A005194D8 /* Expense.swift */,
				814C43D52AC1DE9B005194D8 /* AllTypesManager.swift */,
				81F707D12AC5B72C00DA348C /* Budget.swift */,
				81F707D32AC5B77F00DA348C /* FirestoreService.swift */,
				81F707D92AC5C77B00DA348C /* ExpenseSummary.swift */,
				81F707DB2AC5E65300DA348C /* ReportViewModel.swift */,
				81F707E42AC5EABB00DA348C /* DataPoint.swift */,
			);
			path = Model;
			sourceTree = "<group>";
		};
/* End PBXGroup section */

/* Begin PBXNativeTarget section */
		811CEE542ABF686C00A0C1FB /* expenseTrackTest */ = {
			isa = PBXNativeTarget;
			buildConfigurationList = 811CEE792ABF687000A0C1FB /* Build configuration list for PBXNativeTarget "expenseTrackTest" */;
			buildPhases = (
				811CEE512ABF686C00A0C1FB /* Sources */,
				811CEE522ABF686C00A0C1FB /* Frameworks */,
				811CEE532ABF686C00A0C1FB /* Resources */,
			);
			buildRules = (
			);
			dependencies = (
			);
			name = expenseTrackTest;
			packageProductDependencies = (
				811CEE852ABF6B8500A0C1FB /* FirebaseAuth */,
				811CEE872ABF6B8500A0C1FB /* FirebaseFirestore */,
				811CEE892ABF6B8500A0C1FB /* FirebaseFirestoreSwift */,
				81F707E22AC5E9A000DA348C /* SwiftUICharts */,
			);
			productName = expenseTrackTest;
			productReference = 811CEE552ABF686C00A0C1FB /* expenseTrackTest.app */;
			productType = "com.apple.product-type.application";
		};
		811CEE642ABF687000A0C1FB /* expenseTrackTestTests */ = {
			isa = PBXNativeTarget;
			buildConfigurationList = 811CEE7C2ABF687000A0C1FB /* Build configuration list for PBXNativeTarget "expenseTrackTestTests" */;
			buildPhases = (
				811CEE612ABF687000A0C1FB /* Sources */,
				811CEE622ABF687000A0C1FB /* Frameworks */,
				811CEE632ABF687000A0C1FB /* Resources */,
			);
			buildRules = (
			);
			dependencies = (
				811CEE672ABF687000A0C1FB /* PBXTargetDependency */,
			);
			name = expenseTrackTestTests;
			productName = expenseTrackTestTests;
			productReference = 811CEE652ABF687000A0C1FB /* expenseTrackTestTests.xctest */;
			productType = "com.apple.product-type.bundle.unit-test";
		};
		811CEE6E2ABF687000A0C1FB /* expenseTrackTestUITests */ = {
			isa = PBXNativeTarget;
			buildConfigurationList = 811CEE7F2ABF687000A0C1FB /* Build configuration list for PBXNativeTarget "expenseTrackTestUITests" */;
			buildPhases = (
				811CEE6B2ABF687000A0C1FB /* Sources */,
				811CEE6C2ABF687000A0C1FB /* Frameworks */,
				811CEE6D2ABF687000A0C1FB /* Resources */,
			);
			buildRules = (
			);
			dependencies = (
				811CEE712ABF687000A0C1FB /* PBXTargetDependency */,
			);
			name = expenseTrackTestUITests;
			productName = expenseTrackTestUITests;
			productReference = 811CEE6F2ABF687000A0C1FB /* expenseTrackTestUITests.xctest */;
			productType = "com.apple.product-type.bundle.ui-testing";
		};
/* End PBXNativeTarget section */

/* Begin PBXProject section */
		811CEE4D2ABF686C00A0C1FB /* Project object */ = {
			isa = PBXProject;
			attributes = {
				BuildIndependentTargetsInParallel = 1;
				LastSwiftUpdateCheck = 1320;
				LastUpgradeCheck = 1320;
				TargetAttributes = {
					811CEE542ABF686C00A0C1FB = {
						CreatedOnToolsVersion = 13.2.1;
					};
					811CEE642ABF687000A0C1FB = {
						CreatedOnToolsVersion = 13.2.1;
						TestTargetID = 811CEE542ABF686C00A0C1FB;
					};
					811CEE6E2ABF687000A0C1FB = {
						CreatedOnToolsVersion = 13.2.1;
						TestTargetID = 811CEE542ABF686C00A0C1FB;
					};
				};
			};
			buildConfigurationList = 811CEE502ABF686C00A0C1FB /* Build configuration list for PBXProject "expenseTrackTest" */;
			compatibilityVersion = "Xcode 13.0";
			developmentRegion = en;
			hasScannedForEncodings = 0;
			knownRegions = (
				en,
				Base,
			);
			mainGroup = 811CEE4C2ABF686B00A0C1FB;
			packageReferences = (
				811CEE842ABF6B8500A0C1FB /* XCRemoteSwiftPackageReference "firebase-ios-sdk" */,
				81F707E12AC5E9A000DA348C /* XCRemoteSwiftPackageReference "ChartView" */,
			);
			productRefGroup = 811CEE562ABF686C00A0C1FB /* Products */;
			projectDirPath = "";
			projectRoot = "";
			targets = (
				811CEE542ABF686C00A0C1FB /* expenseTrackTest */,
				811CEE642ABF687000A0C1FB /* expenseTrackTestTests */,
				811CEE6E2ABF687000A0C1FB /* expenseTrackTestUITests */,
			);
		};
/* End PBXProject section */

/* Begin PBXResourcesBuildPhase section */
		811CEE532ABF686C00A0C1FB /* Resources */ = {
			isa = PBXResourcesBuildPhase;
			buildActionMask = 2147483647;
			files = (
				811CEE602ABF686F00A0C1FB /* Preview Assets.xcassets in Resources */,
				811CEE5D2ABF686F00A0C1FB /* Assets.xcassets in Resources */,
				81EFC3D22AC6AF9500BF5151 /* Launch Screen.storyboard in Resources */,
				811CEE972ABF749D00A0C1FB /* GoogleService-Info.plist in Resources */,
			);
			runOnlyForDeploymentPostprocessing = 0;
		};
		811CEE632ABF687000A0C1FB /* Resources */ = {
			isa = PBXResourcesBuildPhase;
			buildActionMask = 2147483647;
			files = (
			);
			runOnlyForDeploymentPostprocessing = 0;
		};
		811CEE6D2ABF687000A0C1FB /* Resources */ = {
			isa = PBXResourcesBuildPhase;
			buildActionMask = 2147483647;
			files = (
			);
			runOnlyForDeploymentPostprocessing = 0;
		};
/* End PBXResourcesBuildPhase section */

/* Begin PBXSourcesBuildPhase section */
		811CEE512ABF686C00A0C1FB /* Sources */ = {
			isa = PBXSourcesBuildPhase;
			buildActionMask = 2147483647;
			files = (
				81F707E52AC5EABB00DA348C /* DataPoint.swift in Sources */,
				81F707DE2AC5E80D00DA348C /* PieChartView.swift in Sources */,
				81F707D62AC5B9AB00DA348C /* BudgetEntryView.swift in Sources */,
				814C43CE2AC0C731005194D8 /* BarView.swift in Sources */,
				814C43D62AC1DE9B005194D8 /* AllTypesManager.swift in Sources */,
				814C43D82AC1EF17005194D8 /* ListView.swift in Sources */,
				814C43C82AC0AF27005194D8 /* FirestoreManager.swift in Sources */,
				81EFC3D02AC6AADC00BF5151 /* SplashScreenView.swift in Sources */,
				814C43C32AC0AAF0005194D8 /* UserProfileView.swift in Sources */,
				811CEE912ABF6CA100A0C1FB /* SignUpView.swift in Sources */,
				814C43C12AC0AAD2005194D8 /* ReportView.swift in Sources */,
				814C43CA2AC0C23A005194D8 /* Expense.swift in Sources */,
				81F707DA2AC5C77B00DA348C /* ExpenseSummary.swift in Sources */,
				81F707E72AC5F32400DA348C /* ColorExtension.swift in Sources */,
				810208262AC4063900DA7098 /* CustomTabBar.swift in Sources */,
				811CEE932ABF6CBA00A0C1FB /* AuthView.swift in Sources */,
				811CEE8D2ABF6C6600A0C1FB /* LoginView.swift in Sources */,
				81F707D82AC5BC3F00DA348C /* BudgetHistoryView.swift in Sources */,
				81F707DC2AC5E65400DA348C /* ReportViewModel.swift in Sources */,
				811CEE5B2ABF686C00A0C1FB /* ContentView.swift in Sources */,
				814C43D42AC1DC9C005194D8 /* ListAllTypes.swift in Sources */,
				811CEE952ABF706300A0C1FB /* Home.swift in Sources */,
				81F707D22AC5B72D00DA348C /* Budget.swift in Sources */,
				81F707E02AC5E89100DA348C /* ExpensePieChartView.swift in Sources */,
				81F707D42AC5B77F00DA348C /* FirestoreService.swift in Sources */,
				814C43DA2AC1F88C005194D8 /* AddNewExpenses.swift in Sources */,
				811CEE592ABF686C00A0C1FB /* expenseTrackTestApp.swift in Sources */,
				814C43CC2AC0C71B005194D8 /* BarChartView.swift in Sources */,
			);
			runOnlyForDeploymentPostprocessing = 0;
		};
		811CEE612ABF687000A0C1FB /* Sources */ = {
			isa = PBXSourcesBuildPhase;
			buildActionMask = 2147483647;
			files = (
				811CEE6A2ABF687000A0C1FB /* expenseTrackTestTests.swift in Sources */,
			);
			runOnlyForDeploymentPostprocessing = 0;
		};
		811CEE6B2ABF687000A0C1FB /* Sources */ = {
			isa = PBXSourcesBuildPhase;
			buildActionMask = 2147483647;
			files = (
				811CEE742ABF687000A0C1FB /* expenseTrackTestUITests.swift in Sources */,
				811CEE762ABF687000A0C1FB /* expenseTrackTestUITestsLaunchTests.swift in Sources */,
			);
			runOnlyForDeploymentPostprocessing = 0;
		};
/* End PBXSourcesBuildPhase section */

/* Begin PBXTargetDependency section */
		811CEE672ABF687000A0C1FB /* PBXTargetDependency */ = {
			isa = PBXTargetDependency;
			target = 811CEE542ABF686C00A0C1FB /* expenseTrackTest */;
			targetProxy = 811CEE662ABF687000A0C1FB /* PBXContainerItemProxy */;
		};
		811CEE712ABF687000A0C1FB /* PBXTargetDependency */ = {
			isa = PBXTargetDependency;
			target = 811CEE542ABF686C00A0C1FB /* expenseTrackTest */;
			targetProxy = 811CEE702ABF687000A0C1FB /* PBXContainerItemProxy */;
		};
/* End PBXTargetDependency section */

/* Begin XCBuildConfiguration section */
		811CEE772ABF687000A0C1FB /* Debug */ = {
			isa = XCBuildConfiguration;
			buildSettings = {
				ALWAYS_SEARCH_USER_PATHS = NO;
				CLANG_ANALYZER_NONNULL = YES;
				CLANG_ANALYZER_NUMBER_OBJECT_CONVERSION = YES_AGGRESSIVE;
				CLANG_CXX_LANGUAGE_STANDARD = "gnu++17";
				CLANG_CXX_LIBRARY = "libc++";
				CLANG_ENABLE_MODULES = YES;
				CLANG_ENABLE_OBJC_ARC = YES;
				CLANG_ENABLE_OBJC_WEAK = YES;
				CLANG_WARN_BLOCK_CAPTURE_AUTORELEASING = YES;
				CLANG_WARN_BOOL_CONVERSION = YES;
				CLANG_WARN_COMMA = YES;
				CLANG_WARN_CONSTANT_CONVERSION = YES;
				CLANG_WARN_DEPRECATED_OBJC_IMPLEMENTATIONS = YES;
				CLANG_WARN_DIRECT_OBJC_ISA_USAGE = YES_ERROR;
				CLANG_WARN_DOCUMENTATION_COMMENTS = YES;
				CLANG_WARN_EMPTY_BODY = YES;
				CLANG_WARN_ENUM_CONVERSION = YES;
				CLANG_WARN_INFINITE_RECURSION = YES;
				CLANG_WARN_INT_CONVERSION = YES;
				CLANG_WARN_NON_LITERAL_NULL_CONVERSION = YES;
				CLANG_WARN_OBJC_IMPLICIT_RETAIN_SELF = YES;
				CLANG_WARN_OBJC_LITERAL_CONVERSION = YES;
				CLANG_WARN_OBJC_ROOT_CLASS = YES_ERROR;
				CLANG_WARN_QUOTED_INCLUDE_IN_FRAMEWORK_HEADER = YES;
				CLANG_WARN_RANGE_LOOP_ANALYSIS = YES;
				CLANG_WARN_STRICT_PROTOTYPES = YES;
				CLANG_WARN_SUSPICIOUS_MOVE = YES;
				CLANG_WARN_UNGUARDED_AVAILABILITY = YES_AGGRESSIVE;
				CLANG_WARN_UNREACHABLE_CODE = YES;
				CLANG_WARN__DUPLICATE_METHOD_MATCH = YES;
				COPY_PHASE_STRIP = NO;
				DEBUG_INFORMATION_FORMAT = dwarf;
				ENABLE_STRICT_OBJC_MSGSEND = YES;
				ENABLE_TESTABILITY = YES;
				GCC_C_LANGUAGE_STANDARD = gnu11;
				GCC_DYNAMIC_NO_PIC = NO;
				GCC_NO_COMMON_BLOCKS = YES;
				GCC_OPTIMIZATION_LEVEL = 0;
				GCC_PREPROCESSOR_DEFINITIONS = (
					"DEBUG=1",
					"$(inherited)",
				);
				GCC_WARN_64_TO_32_BIT_CONVERSION = YES;
				GCC_WARN_ABOUT_RETURN_TYPE = YES_ERROR;
				GCC_WARN_UNDECLARED_SELECTOR = YES;
				GCC_WARN_UNINITIALIZED_AUTOS = YES_AGGRESSIVE;
				GCC_WARN_UNUSED_FUNCTION = YES;
				GCC_WARN_UNUSED_VARIABLE = YES;
				INFOPLIST_KEY_UILaunchScreen_Generation = YES;
				IPHONEOS_DEPLOYMENT_TARGET = 15.2;
				MTL_ENABLE_DEBUG_INFO = INCLUDE_SOURCE;
				MTL_FAST_MATH = YES;
				ONLY_ACTIVE_ARCH = YES;
				SDKROOT = iphoneos;
				SWIFT_ACTIVE_COMPILATION_CONDITIONS = DEBUG;
				SWIFT_OPTIMIZATION_LEVEL = "-Onone";
			};
			name = Debug;
		};
		811CEE782ABF687000A0C1FB /* Release */ = {
			isa = XCBuildConfiguration;
			buildSettings = {
				ALWAYS_SEARCH_USER_PATHS = NO;
				CLANG_ANALYZER_NONNULL = YES;
				CLANG_ANALYZER_NUMBER_OBJECT_CONVERSION = YES_AGGRESSIVE;
				CLANG_CXX_LANGUAGE_STANDARD = "gnu++17";
				CLANG_CXX_LIBRARY = "libc++";
				CLANG_ENABLE_MODULES = YES;
				CLANG_ENABLE_OBJC_ARC = YES;
				CLANG_ENABLE_OBJC_WEAK = YES;
				CLANG_WARN_BLOCK_CAPTURE_AUTORELEASING = YES;
				CLANG_WARN_BOOL_CONVERSION = YES;
				CLANG_WARN_COMMA = YES;
				CLANG_WARN_CONSTANT_CONVERSION = YES;
				CLANG_WARN_DEPRECATED_OBJC_IMPLEMENTATIONS = YES;
				CLANG_WARN_DIRECT_OBJC_ISA_USAGE = YES_ERROR;
				CLANG_WARN_DOCUMENTATION_COMMENTS = YES;
				CLANG_WARN_EMPTY_BODY = YES;
				CLANG_WARN_ENUM_CONVERSION = YES;
				CLANG_WARN_INFINITE_RECURSION = YES;
				CLANG_WARN_INT_CONVERSION = YES;
				CLANG_WARN_NON_LITERAL_NULL_CONVERSION = YES;
				CLANG_WARN_OBJC_IMPLICIT_RETAIN_SELF = YES;
				CLANG_WARN_OBJC_LITERAL_CONVERSION = YES;
				CLANG_WARN_OBJC_ROOT_CLASS = YES_ERROR;
				CLANG_WARN_QUOTED_INCLUDE_IN_FRAMEWORK_HEADER = YES;
				CLANG_WARN_RANGE_LOOP_ANALYSIS = YES;
				CLANG_WARN_STRICT_PROTOTYPES = YES;
				CLANG_WARN_SUSPICIOUS_MOVE = YES;
				CLANG_WARN_UNGUARDED_AVAILABILITY = YES_AGGRESSIVE;
				CLANG_WARN_UNREACHABLE_CODE = YES;
				CLANG_WARN__DUPLICATE_METHOD_MATCH = YES;
				COPY_PHASE_STRIP = NO;
				DEBUG_INFORMATION_FORMAT = "dwarf-with-dsym";
				ENABLE_NS_ASSERTIONS = NO;
				ENABLE_STRICT_OBJC_MSGSEND = YES;
				GCC_C_LANGUAGE_STANDARD = gnu11;
				GCC_NO_COMMON_BLOCKS = YES;
				GCC_WARN_64_TO_32_BIT_CONVERSION = YES;
				GCC_WARN_ABOUT_RETURN_TYPE = YES_ERROR;
				GCC_WARN_UNDECLARED_SELECTOR = YES;
				GCC_WARN_UNINITIALIZED_AUTOS = YES_AGGRESSIVE;
				GCC_WARN_UNUSED_FUNCTION = YES;
				GCC_WARN_UNUSED_VARIABLE = YES;
				INFOPLIST_KEY_UILaunchScreen_Generation = YES;
				IPHONEOS_DEPLOYMENT_TARGET = 15.2;
				MTL_ENABLE_DEBUG_INFO = NO;
				MTL_FAST_MATH = YES;
				SDKROOT = iphoneos;
				SWIFT_COMPILATION_MODE = wholemodule;
				SWIFT_OPTIMIZATION_LEVEL = "-O";
				VALIDATE_PRODUCT = YES;
			};
			name = Release;
		};
		811CEE7A2ABF687000A0C1FB /* Debug */ = {
			isa = XCBuildConfiguration;
			buildSettings = {
				ASSETCATALOG_COMPILER_APPICON_NAME = AppIcon;
				ASSETCATALOG_COMPILER_GLOBAL_ACCENT_COLOR_NAME = AccentColor;
				CODE_SIGN_STYLE = Automatic;
				CURRENT_PROJECT_VERSION = 1;
				DEVELOPMENT_ASSET_PATHS = "\"expenseTrackTest/Preview Content\"";
				DEVELOPMENT_TEAM = 3385CUTF47;
				ENABLE_PREVIEWS = YES;
				GENERATE_INFOPLIST_FILE = YES;
				INFOPLIST_KEY_UIApplicationSceneManifest_Generation = YES;
				INFOPLIST_KEY_UIApplicationSupportsIndirectInputEvents = YES;
				INFOPLIST_KEY_UILaunchScreen_Generation = YES;
				INFOPLIST_KEY_UISupportedInterfaceOrientations_iPad = "UIInterfaceOrientationPortrait UIInterfaceOrientationPortraitUpsideDown UIInterfaceOrientationLandscapeLeft UIInterfaceOrientationLandscapeRight";
				INFOPLIST_KEY_UISupportedInterfaceOrientations_iPhone = "UIInterfaceOrientationPortrait UIInterfaceOrientationLandscapeLeft UIInterfaceOrientationLandscapeRight";
				LD_RUNPATH_SEARCH_PATHS = (
					"$(inherited)",
					"@executable_path/Frameworks",
				);
				MARKETING_VERSION = 1.0;
				PRODUCT_BUNDLE_IDENTIFIER = com.nibm.expenseTrackTest;
				PRODUCT_NAME = "$(TARGET_NAME)";
				SWIFT_EMIT_LOC_STRINGS = YES;
				SWIFT_VERSION = 5.0;
				TARGETED_DEVICE_FAMILY = "1,2";
			};
			name = Debug;
		};
		811CEE7B2ABF687000A0C1FB /* Release */ = {
			isa = XCBuildConfiguration;
			buildSettings = {
				ASSETCATALOG_COMPILER_APPICON_NAME = AppIcon;
				ASSETCATALOG_COMPILER_GLOBAL_ACCENT_COLOR_NAME = AccentColor;
				CODE_SIGN_STYLE = Automatic;
				CURRENT_PROJECT_VERSION = 1;
				DEVELOPMENT_ASSET_PATHS = "\"expenseTrackTest/Preview Content\"";
				DEVELOPMENT_TEAM = 3385CUTF47;
				ENABLE_PREVIEWS = YES;
				GENERATE_INFOPLIST_FILE = YES;
				INFOPLIST_KEY_UIApplicationSceneManifest_Generation = YES;
				INFOPLIST_KEY_UIApplicationSupportsIndirectInputEvents = YES;
				INFOPLIST_KEY_UILaunchScreen_Generation = YES;
				INFOPLIST_KEY_UISupportedInterfaceOrientations_iPad = "UIInterfaceOrientationPortrait UIInterfaceOrientationPortraitUpsideDown UIInterfaceOrientationLandscapeLeft UIInterfaceOrientationLandscapeRight";
				INFOPLIST_KEY_UISupportedInterfaceOrientations_iPhone = "UIInterfaceOrientationPortrait UIInterfaceOrientationLandscapeLeft UIInterfaceOrientationLandscapeRight";
				LD_RUNPATH_SEARCH_PATHS = (
					"$(inherited)",
					"@executable_path/Frameworks",
				);
				MARKETING_VERSION = 1.0;
				PRODUCT_BUNDLE_IDENTIFIER = com.nibm.expenseTrackTest;
				PRODUCT_NAME = "$(TARGET_NAME)";
				SWIFT_EMIT_LOC_STRINGS = YES;
				SWIFT_VERSION = 5.0;
				TARGETED_DEVICE_FAMILY = "1,2";
			};
			name = Release;
		};
		811CEE7D2ABF687000A0C1FB /* Debug */ = {
			isa = XCBuildConfiguration;
			buildSettings = {
				ALWAYS_EMBED_SWIFT_STANDARD_LIBRARIES = YES;
				BUNDLE_LOADER = "$(TEST_HOST)";
				CODE_SIGN_STYLE = Automatic;
				CURRENT_PROJECT_VERSION = 1;
				DEVELOPMENT_TEAM = 3385CUTF47;
				GENERATE_INFOPLIST_FILE = YES;
				IPHONEOS_DEPLOYMENT_TARGET = 15.2;
				MARKETING_VERSION = 1.0;
				PRODUCT_BUNDLE_IDENTIFIER = com.nibm.expenseTrackTestTests;
				PRODUCT_NAME = "$(TARGET_NAME)";
				SWIFT_EMIT_LOC_STRINGS = NO;
				SWIFT_VERSION = 5.0;
				TARGETED_DEVICE_FAMILY = "1,2";
				TEST_HOST = "$(BUILT_PRODUCTS_DIR)/expenseTrackTest.app/expenseTrackTest";
			};
			name = Debug;
		};
		811CEE7E2ABF687000A0C1FB /* Release */ = {
			isa = XCBuildConfiguration;
			buildSettings = {
				ALWAYS_EMBED_SWIFT_STANDARD_LIBRARIES = YES;
				BUNDLE_LOADER = "$(TEST_HOST)";
				CODE_SIGN_STYLE = Automatic;
				CURRENT_PROJECT_VERSION = 1;
				DEVELOPMENT_TEAM = 3385CUTF47;
				GENERATE_INFOPLIST_FILE = YES;
				IPHONEOS_DEPLOYMENT_TARGET = 15.2;
				MARKETING_VERSION = 1.0;
				PRODUCT_BUNDLE_IDENTIFIER = com.nibm.expenseTrackTestTests;
				PRODUCT_NAME = "$(TARGET_NAME)";
				SWIFT_EMIT_LOC_STRINGS = NO;
				SWIFT_VERSION = 5.0;
				TARGETED_DEVICE_FAMILY = "1,2";
				TEST_HOST = "$(BUILT_PRODUCTS_DIR)/expenseTrackTest.app/expenseTrackTest";
			};
			name = Release;
		};
		811CEE802ABF687000A0C1FB /* Debug */ = {
			isa = XCBuildConfiguration;
			buildSettings = {
				ALWAYS_EMBED_SWIFT_STANDARD_LIBRARIES = YES;
				CODE_SIGN_STYLE = Automatic;
				CURRENT_PROJECT_VERSION = 1;
				DEVELOPMENT_TEAM = 3385CUTF47;
				GENERATE_INFOPLIST_FILE = YES;
				MARKETING_VERSION = 1.0;
				PRODUCT_BUNDLE_IDENTIFIER = com.nibm.expenseTrackTestUITests;
				PRODUCT_NAME = "$(TARGET_NAME)";
				SWIFT_EMIT_LOC_STRINGS = NO;
				SWIFT_VERSION = 5.0;
				TARGETED_DEVICE_FAMILY = "1,2";
				TEST_TARGET_NAME = expenseTrackTest;
			};
			name = Debug;
		};
		811CEE812ABF687000A0C1FB /* Release */ = {
			isa = XCBuildConfiguration;
			buildSettings = {
				ALWAYS_EMBED_SWIFT_STANDARD_LIBRARIES = YES;
				CODE_SIGN_STYLE = Automatic;
				CURRENT_PROJECT_VERSION = 1;
				DEVELOPMENT_TEAM = 3385CUTF47;
				GENERATE_INFOPLIST_FILE = YES;
				MARKETING_VERSION = 1.0;
				PRODUCT_BUNDLE_IDENTIFIER = com.nibm.expenseTrackTestUITests;
				PRODUCT_NAME = "$(TARGET_NAME)";
				SWIFT_EMIT_LOC_STRINGS = NO;
				SWIFT_VERSION = 5.0;
				TARGETED_DEVICE_FAMILY = "1,2";
				TEST_TARGET_NAME = expenseTrackTest;
			};
			name = Release;
		};
/* End XCBuildConfiguration section */

/* Begin XCConfigurationList section */
		811CEE502ABF686C00A0C1FB /* Build configuration list for PBXProject "expenseTrackTest" */ = {
			isa = XCConfigurationList;
			buildConfigurations = (
				811CEE772ABF687000A0C1FB /* Debug */,
				811CEE782ABF687000A0C1FB /* Release */,
			);
			defaultConfigurationIsVisible = 0;
			defaultConfigurationName = Release;
		};
		811CEE792ABF687000A0C1FB /* Build configuration list for PBXNativeTarget "expenseTrackTest" */ = {
			isa = XCConfigurationList;
			buildConfigurations = (
				811CEE7A2ABF687000A0C1FB /* Debug */,
				811CEE7B2ABF687000A0C1FB /* Release */,
			);
			defaultConfigurationIsVisible = 0;
			defaultConfigurationName = Release;
		};
		811CEE7C2ABF687000A0C1FB /* Build configuration list for PBXNativeTarget "expenseTrackTestTests" */ = {
			isa = XCConfigurationList;
			buildConfigurations = (
				811CEE7D2ABF687000A0C1FB /* Debug */,
				811CEE7E2ABF687000A0C1FB /* Release */,
			);
			defaultConfigurationIsVisible = 0;
			defaultConfigurationName = Release;
		};
		811CEE7F2ABF687000A0C1FB /* Build configuration list for PBXNativeTarget "expenseTrackTestUITests" */ = {
			isa = XCConfigurationList;
			buildConfigurations = (
				811CEE802ABF687000A0C1FB /* Debug */,
				811CEE812ABF687000A0C1FB /* Release */,
			);
			defaultConfigurationIsVisible = 0;
			defaultConfigurationName = Release;
		};
/* End XCConfigurationList section */

/* Begin XCRemoteSwiftPackageReference section */
		811CEE842ABF6B8500A0C1FB /* XCRemoteSwiftPackageReference "firebase-ios-sdk" */ = {
			isa = XCRemoteSwiftPackageReference;
			repositoryURL = "https://github.com/firebase/firebase-ios-sdk";
			requirement = {
				kind = upToNextMajorVersion;
				minimumVersion = 9.0.0;
			};
		};
		81F707E12AC5E9A000DA348C /* XCRemoteSwiftPackageReference "ChartView" */ = {
			isa = XCRemoteSwiftPackageReference;
			repositoryURL = "https://github.com/AppPear/ChartView";
			requirement = {
				kind = upToNextMajorVersion;
				minimumVersion = 1.0.0;
			};
		};
/* End XCRemoteSwiftPackageReference section */

/* Begin XCSwiftPackageProductDependency section */
		811CEE852ABF6B8500A0C1FB /* FirebaseAuth */ = {
			isa = XCSwiftPackageProductDependency;
			package = 811CEE842ABF6B8500A0C1FB /* XCRemoteSwiftPackageReference "firebase-ios-sdk" */;
			productName = FirebaseAuth;
		};
		811CEE872ABF6B8500A0C1FB /* FirebaseFirestore */ = {
			isa = XCSwiftPackageProductDependency;
			package = 811CEE842ABF6B8500A0C1FB /* XCRemoteSwiftPackageReference "firebase-ios-sdk" */;
			productName = FirebaseFirestore;
		};
		811CEE892ABF6B8500A0C1FB /* FirebaseFirestoreSwift */ = {
			isa = XCSwiftPackageProductDependency;
			package = 811CEE842ABF6B8500A0C1FB /* XCRemoteSwiftPackageReference "firebase-ios-sdk" */;
			productName = FirebaseFirestoreSwift;
		};
		81F707E22AC5E9A000DA348C /* SwiftUICharts */ = {
			isa = XCSwiftPackageProductDependency;
			package = 81F707E12AC5E9A000DA348C /* XCRemoteSwiftPackageReference "ChartView" */;
			productName = SwiftUICharts;
		};
/* End XCSwiftPackageProductDependency section */
	};
	rootObject = 811CEE4D2ABF686C00A0C1FB /* Project object */;
}
